
Microsoft Visual Studio Solution File, Format Version 12.00
# Visual Studio Version 16
VisualStudioVersion = 16.0.31112.23
MinimumVisualStudioVersion = 10.0.40219.1
Project("{FAE04EC0-301F-11D3-BF4B-00C04F79EFBC}") = "NUnitAllureProject", "NUnitAllureProject\NUnitAllureProject.csproj", "{23EA4BA9-F41F-47F4-B26C-8836EC56813F}"
EndProject
Project("{FAE04EC0-301F-11D3-BF4B-00C04F79EFBC}") = "LittleFramework", "LittleFramework\LittleFramework.csproj", "{154D56F1-76B3-4AE7-9224-6780B0F42AA2}"
EndProject
Global
	GlobalSection(SolutionConfigurationPlatforms) = preSolution
		Debug|Any CPU = Debug|Any CPU
		Release|Any CPU = Release|Any CPU
	EndGlobalSection
	GlobalSection(ProjectConfigurationPlatforms) = postSolution
		{23EA4BA9-F41F-47F4-B26C-8836EC56813F}.Debug|Any CPU.ActiveCfg = Debug|Any CPU
		{23EA4BA9-F41F-47F4-B26C-8836EC56813F}.Debug|Any CPU.Build.0 = Debug|Any CPU
		{23EA4BA9-F41F-47F4-B26C-8836EC56813F}.Release|Any CPU.ActiveCfg = Release|Any CPU
		{23EA4BA9-F41F-47F4-B26C-8836EC56813F}.Release|Any CPU.Build.0 = Release|Any CPU
		{154D56F1-76B3-4AE7-9224-6780B0F42AA2}.Debug|Any CPU.ActiveCfg = Debug|Any CPU
		{154D56F1-76B3-4AE7-9224-6780B0F42AA2}.Debug|Any CPU.Build.0 = Debug|Any CPU
		{154D56F1-76B3-4AE7-9224-6780B0F42AA2}.Release|Any CPU.ActiveCfg = Release|Any CPU
		{154D56F1-76B3-4AE7-9224-6780B0F42AA2}.Release|Any CPU.Build.0 = Release|Any CPU
	EndGlobalSection
	GlobalSection(SolutionProperties) = preSolution
		HideSolutionNode = FALSE
	EndGlobalSection
	GlobalSection(ExtensibilityGlobals) = postSolution
		SolutionGuid = {D95B41F7-18A6-4313-ADE2-551AC741DC01}
	EndGlobalSection
EndGlobal
